dependencies:
- name: redis
  repository: https://charts.bitnami.com/bitnami
  version: 20.2.1
- name: redis
  repository: https://charts.bitnami.com/bitnami
  version: 20.2.1
digest: sha256:2d8e09d2eed016e5cbed3da4685f27dadfa9548083f598c1e197439c08c17815
generated: "2024-11-05T19:12:26.5414284+05:30"
